
Microsoft Visual Studio Solution File, Format Version 12.00
# Visual Studio Version 16
VisualStudioVersion = 16.0.30523.141
MinimumVisualStudioVersion = 10.0.40219.1
Project("{2150E333-8FDC-42A3-9474-1A3956D46DE8}") = "Warmup", "Warmup", "{D7E414DC-FD0E-46C0-BD55-C628B294E513}"
EndProject
Project("{FAE04EC0-301F-11D3-BF4B-00C04F79EFBC}") = "Simple Array Sum", "Simple Array Sum\Simple Array Sum.csproj", "{353357C6-5874-4953-BF41-42B249AAA285}"
EndProject
Global
	GlobalSection(SolutionConfigurationPlatforms) = preSolution
		Debug|Any CPU = Debug|Any CPU
		Release|Any CPU = Release|Any CPU
	EndGlobalSection
	GlobalSection(ProjectConfigurationPlatforms) = postSolution
		{353357C6-5874-4953-BF41-42B249AAA285}.Debug|Any CPU.ActiveCfg = Debug|Any CPU
		{353357C6-5874-4953-BF41-42B249AAA285}.Debug|Any CPU.Build.0 = Debug|Any CPU
		{353357C6-5874-4953-BF41-42B249AAA285}.Release|Any CPU.ActiveCfg = Release|Any CPU
		{353357C6-5874-4953-BF41-42B249AAA285}.Release|Any CPU.Build.0 = Release|Any CPU
	EndGlobalSection
	GlobalSection(SolutionProperties) = preSolution
		HideSolutionNode = FALSE
	EndGlobalSection
	GlobalSection(NestedProjects) = preSolution
		{353357C6-5874-4953-BF41-42B249AAA285} = {D7E414DC-FD0E-46C0-BD55-C628B294E513}
	EndGlobalSection
	GlobalSection(ExtensibilityGlobals) = postSolution
		SolutionGuid = {E6252B5D-5100-400F-A964-F8C93C65C684}
	EndGlobalSection
EndGlobal
